
Microsoft Visual Studio Solution File, Format Version 11.00
# Visual Studio 2010
Project("{FAE04EC0-301F-11D3-BF4B-00C04F79EFBC}") = "SKI Project", "Assembly-CSharp.csproj", "{43CA7F17-7C8B-261E-1554-BC653369AC20}"
EndProject
Project("{FAE04EC0-301F-11D3-BF4B-00C04F79EFBC}") = "SKI Project", "Assembly-CSharp-Editor.csproj", "{FBACE8E1-82D6-5585-AC3B-B742E8FBD29E}"
EndProject
Global
	GlobalSection(SolutionConfigurationPlatforms) = preSolution
		Debug|Any CPU = Debug|Any CPU
		Release|Any CPU = Release|Any CPU
	EndGlobalSection
	GlobalSection(ProjectConfigurationPlatforms) = postSolution
		{43CA7F17-7C8B-261E-1554-BC653369AC20}.Debug|Any CPU.ActiveCfg = Debug|Any CPU
		{43CA7F17-7C8B-261E-1554-BC653369AC20}.Debug|Any CPU.Build.0 = Debug|Any CPU
		{43CA7F17-7C8B-261E-1554-BC653369AC20}.Release|Any CPU.ActiveCfg = Release|Any CPU
		{43CA7F17-7C8B-261E-1554-BC653369AC20}.Release|Any CPU.Build.0 = Release|Any CPU
		{FBACE8E1-82D6-5585-AC3B-B742E8FBD29E}.Debug|Any CPU.ActiveCfg = Debug|Any CPU
		{FBACE8E1-82D6-5585-AC3B-B742E8FBD29E}.Debug|Any CPU.Build.0 = Debug|Any CPU
		{FBACE8E1-82D6-5585-AC3B-B742E8FBD29E}.Release|Any CPU.ActiveCfg = Release|Any CPU
		{FBACE8E1-82D6-5585-AC3B-B742E8FBD29E}.Release|Any CPU.Build.0 = Release|Any CPU
	EndGlobalSection
	GlobalSection(SolutionProperties) = preSolution
		HideSolutionNode = FALSE
	EndGlobalSection
	GlobalSection(MonoDevelopProperties) = preSolution
		StartupItem = Assembly-CSharp.csproj
	EndGlobalSection
EndGlobal
